// !$*UTF8*$!
{
	archiveVersion = 1;
	classes = {
	};
	objectVersion = 56;
	objects = {

/* Begin PBXBuildFile section */
		A1512E622C5A6B0000860F0C /* Constants.swift in Sources */ = {isa = PBXBuildFile; fileRef = A1512E612C5A6B0000860F0C /* Constants.swift */; };
		A1512E662C5A7C9600860F0C /* MainContentView.swift in Sources */ = {isa = PBXBuildFile; fileRef = A1512E652C5A7C9600860F0C /* MainContentView.swift */; };
		A1512E722C5A81EA00860F0C /* Localizable.strings in Resources */ = {isa = PBXBuildFile; fileRef = A1512E742C5A81EA00860F0C /* Localizable.strings */; };
		A1512E942C5BDA0100860F0C /* MainTrendsView.swift in Sources */ = {isa = PBXBuildFile; fileRef = A1512E932C5BDA0100860F0C /* MainTrendsView.swift */; };
		A15788822C63B4990006CD0E /* RoundedCorners.swift in Sources */ = {isa = PBXBuildFile; fileRef = A15788812C63B4990006CD0E /* RoundedCorners.swift */; };
		A15788842C63D4C90006CD0E /* Statistic.swift in Sources */ = {isa = PBXBuildFile; fileRef = A15788832C63D4C90006CD0E /* Statistic.swift */; };
		A163B58B2C5BDB4D007C44E0 /* Trends.swift in Sources */ = {isa = PBXBuildFile; fileRef = A163B58A2C5BDB4D007C44E0 /* Trends.swift */; };
		A16966142C625CB900E0470B /* MainContactView.swift in Sources */ = {isa = PBXBuildFile; fileRef = A16966132C625CB900E0470B /* MainContactView.swift */; };
		A16966162C62631300E0470B /* MainContactsListView.swift in Sources */ = {isa = PBXBuildFile; fileRef = A16966152C62631300E0470B /* MainContactsListView.swift */; };
		A16966182C62635500E0470B /* Contact.swift in Sources */ = {isa = PBXBuildFile; fileRef = A16966172C62635500E0470B /* Contact.swift */; };
		A1DEE6B12C45034C0003733B /* Preview Assets.xcassets in Resources */ = {isa = PBXBuildFile; fileRef = A1DEE6B02C45034C0003733B /* Preview Assets.xcassets */; };
		A1DEE6E92C4505200003733B /* Helpers.swift in Sources */ = {isa = PBXBuildFile; fileRef = A1DEE6D62C45051F0003733B /* Helpers.swift */; };
		A1DEE6F22C4505200003733B /* Assets.xcassets in Resources */ = {isa = PBXBuildFile; fileRef = A1DEE6E42C4505200003733B /* Assets.xcassets */; };
		A1DEE6F32C4505200003733B /* Fonts.swift in Sources */ = {isa = PBXBuildFile; fileRef = A1DEE6E52C4505200003733B /* Fonts.swift */; };
		A1DEE6F42C4505200003733B /* Colors.swift in Sources */ = {isa = PBXBuildFile; fileRef = A1DEE6E62C4505200003733B /* Colors.swift */; };
		A1DEE6F52C4505200003733B /* Extensions.swift in Sources */ = {isa = PBXBuildFile; fileRef = A1DEE6E82C4505200003733B /* Extensions.swift */; };
		A1E22C082C592A0D00D3BA9C /* MainSideBarView.swift in Sources */ = {isa = PBXBuildFile; fileRef = A1E22C072C592A0D00D3BA9C /* MainSideBarView.swift */; };
		A1E3668D2C4512DC0019B1C6 /* Extensions.swift in Sources */ = {isa = PBXBuildFile; fileRef = A1E366752C4512DB0019B1C6 /* Extensions.swift */; };
		A1E3668E2C4512DC0019B1C6 /* Helpers.swift in Sources */ = {isa = PBXBuildFile; fileRef = A1E366772C4512DB0019B1C6 /* Helpers.swift */; };
		A1E3668F2C4512DC0019B1C6 /* Preview Assets.xcassets in Resources */ = {isa = PBXBuildFile; fileRef = A1E366792C4512DB0019B1C6 /* Preview Assets.xcassets */; };
		A1E366902C4512DC0019B1C6 /* Assets.xcassets in Resources */ = {isa = PBXBuildFile; fileRef = A1E3667B2C4512DB0019B1C6 /* Assets.xcassets */; };
		A1E366912C4512DC0019B1C6 /* Fonts.swift in Sources */ = {isa = PBXBuildFile; fileRef = A1E3667C2C4512DB0019B1C6 /* Fonts.swift */; };
		A1E366922C4512DC0019B1C6 /* Colors.swift in Sources */ = {isa = PBXBuildFile; fileRef = A1E3667D2C4512DB0019B1C6 /* Colors.swift */; };
		A1E366932C4512DC0019B1C6 /* AuthInputCodeTextField.swift in Sources */ = {isa = PBXBuildFile; fileRef = A1E366802C4512DC0019B1C6 /* AuthInputCodeTextField.swift */; };
		A1E366942C4512DC0019B1C6 /* AuthInputCodeContentView.swift in Sources */ = {isa = PBXBuildFile; fileRef = A1E366812C4512DC0019B1C6 /* AuthInputCodeContentView.swift */; };
		A1E366952C4512DC0019B1C6 /* InputViewState.swift in Sources */ = {isa = PBXBuildFile; fileRef = A1E366822C4512DC0019B1C6 /* InputViewState.swift */; };
		A1E3669B2C4512DC0019B1C6 /* AuthScreen.swift in Sources */ = {isa = PBXBuildFile; fileRef = A1E366892C4512DC0019B1C6 /* AuthScreen.swift */; };
		A1E3669C2C4512DC0019B1C6 /* AuthWaitView.swift in Sources */ = {isa = PBXBuildFile; fileRef = A1E3668A2C4512DC0019B1C6 /* AuthWaitView.swift */; };
		A1E3669D2C4512DC0019B1C6 /* ConfirmCodeTimer.swift in Sources */ = {isa = PBXBuildFile; fileRef = A1E3668C2C4512DC0019B1C6 /* ConfirmCodeTimer.swift */; };
		A1EC2AE72C5D02F200014EA4 /* MainChartView.swift in Sources */ = {isa = PBXBuildFile; fileRef = A1EC2AE62C5D02F200014EA4 /* MainChartView.swift */; };
		A1EC2AE92C5D11E000014EA4 /* MainMonthStatisticView.swift in Sources */ = {isa = PBXBuildFile; fileRef = A1EC2AE82C5D11E000014EA4 /* MainMonthStatisticView.swift */; };
		A1EC2AEB2C5D125900014EA4 /* MonthStatistic.swift in Sources */ = {isa = PBXBuildFile; fileRef = A1EC2AEA2C5D125900014EA4 /* MonthStatistic.swift */; };
		A1ED64762C88954D005CD3EB /* AuthRouter.swift in Sources */ = {isa = PBXBuildFile; fileRef = A1ED64752C88954D005CD3EB /* AuthRouter.swift */; };
		A1ED64782C88959F005CD3EB /* AuthGradientView.swift in Sources */ = {isa = PBXBuildFile; fileRef = A1ED64772C88959F005CD3EB /* AuthGradientView.swift */; };
		A1F911F72C64D4D100D7CFC7 /* UserContentView.swift in Sources */ = {isa = PBXBuildFile; fileRef = A1F911F62C64D4D100D7CFC7 /* UserContentView.swift */; };
		A1F911F92C64D56600D7CFC7 /* ChatContentView.swift in Sources */ = {isa = PBXBuildFile; fileRef = A1F911F82C64D56600D7CFC7 /* ChatContentView.swift */; };
		A1F911FD2C64D69100D7CFC7 /* HotOffersView.swift in Sources */ = {isa = PBXBuildFile; fileRef = A1F911FC2C64D69100D7CFC7 /* HotOffersView.swift */; };
		A1F911FF2C64D6D900D7CFC7 /* CalendarView.swift in Sources */ = {isa = PBXBuildFile; fileRef = A1F911FE2C64D6D900D7CFC7 /* CalendarView.swift */; };
		A1F912012C64D71300D7CFC7 /* SettingsView.swift in Sources */ = {isa = PBXBuildFile; fileRef = A1F912002C64D71300D7CFC7 /* SettingsView.swift */; };
		A1F912032C64D78700D7CFC7 /* CreatingApplicationView.swift in Sources */ = {isa = PBXBuildFile; fileRef = A1F912022C64D78700D7CFC7 /* CreatingApplicationView.swift */; };
		A1F912082C65067400D7CFC7 /* MonthStatisticProvider.swift in Sources */ = {isa = PBXBuildFile; fileRef = A1F912072C65067400D7CFC7 /* MonthStatisticProvider.swift */; };
		A1F9120A2C65068500D7CFC7 /* TrendProvider.swift in Sources */ = {isa = PBXBuildFile; fileRef = A1F912092C65068500D7CFC7 /* TrendProvider.swift */; };
/* End PBXBuildFile section */

/* Begin PBXFileReference section */
		A1512E612C5A6B0000860F0C /* Constants.swift */ = {isa = PBXFileReference; lastKnownFileType = sourcecode.swift; path = Constants.swift; sourceTree = "<group>"; };
		A1512E652C5A7C9600860F0C /* MainContentView.swift */ = {isa = PBXFileReference; lastKnownFileType = sourcecode.swift; path = MainContentView.swift; sourceTree = "<group>"; };
		A1512E732C5A81EA00860F0C /* en */ = {isa = PBXFileReference; lastKnownFileType = text.plist.strings; name = en; path = en.lproj/Localizable.strings; sourceTree = "<group>"; };
		A1512E762C5A825200860F0C /* ru */ = {isa = PBXFileReference; lastKnownFileType = text.plist.strings; name = ru; path = ru.lproj/Localizable.strings; sourceTree = "<group>"; };
		A1512E932C5BDA0100860F0C /* MainTrendsView.swift */ = {isa = PBXFileReference; lastKnownFileType = sourcecode.swift; path = MainTrendsView.swift; sourceTree = "<group>"; };
		A15788812C63B4990006CD0E /* RoundedCorners.swift */ = {isa = PBXFileReference; lastKnownFileType = sourcecode.swift; path = RoundedCorners.swift; sourceTree = "<group>"; };
		A15788832C63D4C90006CD0E /* Statistic.swift */ = {isa = PBXFileReference; lastKnownFileType = sourcecode.swift; path = Statistic.swift; sourceTree = "<group>"; };
		A163B58A2C5BDB4D007C44E0 /* Trends.swift */ = {isa = PBXFileReference; lastKnownFileType = sourcecode.swift; path = Trends.swift; sourceTree = "<group>"; };
		A16966132C625CB900E0470B /* MainContactView.swift */ = {isa = PBXFileReference; lastKnownFileType = sourcecode.swift; path = MainContactView.swift; sourceTree = "<group>"; };
		A16966152C62631300E0470B /* MainContactsListView.swift */ = {isa = PBXFileReference; lastKnownFileType = sourcecode.swift; path = MainContactsListView.swift; sourceTree = "<group>"; };
		A16966172C62635500E0470B /* Contact.swift */ = {isa = PBXFileReference; lastKnownFileType = sourcecode.swift; path = Contact.swift; sourceTree = "<group>"; };
		A1DEE6A62C45034B0003733B /* AuthScreen.app */ = {isa = PBXFileReference; explicitFileType = wrapper.application; includeInIndex = 0; path = AuthScreen.app; sourceTree = BUILT_PRODUCTS_DIR; };
		A1DEE6B02C45034C0003733B /* Preview Assets.xcassets */ = {isa = PBXFileReference; lastKnownFileType = folder.assetcatalog; path = "Preview Assets.xcassets"; sourceTree = "<group>"; };
		A1DEE6D62C45051F0003733B /* Helpers.swift */ = {isa = PBXFileReference; fileEncoding = 4; lastKnownFileType = sourcecode.swift; path = Helpers.swift; sourceTree = "<group>"; };
		A1DEE6E42C4505200003733B /* Assets.xcassets */ = {isa = PBXFileReference; lastKnownFileType = folder.assetcatalog; path = Assets.xcassets; sourceTree = "<group>"; };
		A1DEE6E52C4505200003733B /* Fonts.swift */ = {isa = PBXFileReference; fileEncoding = 4; lastKnownFileType = sourcecode.swift; path = Fonts.swift; sourceTree = "<group>"; };
		A1DEE6E62C4505200003733B /* Colors.swift */ = {isa = PBXFileReference; fileEncoding = 4; lastKnownFileType = sourcecode.swift; path = Colors.swift; sourceTree = "<group>"; };
		A1DEE6E82C4505200003733B /* Extensions.swift */ = {isa = PBXFileReference; fileEncoding = 4; lastKnownFileType = sourcecode.swift; path = Extensions.swift; sourceTree = "<group>"; };
		A1E22C072C592A0D00D3BA9C /* MainSideBarView.swift */ = {isa = PBXFileReference; lastKnownFileType = sourcecode.swift; path = MainSideBarView.swift; sourceTree = "<group>"; };
		A1E366752C4512DB0019B1C6 /* Extensions.swift */ = {isa = PBXFileReference; fileEncoding = 4; lastKnownFileType = sourcecode.swift; path = Extensions.swift; sourceTree = "<group>"; };
		A1E366772C4512DB0019B1C6 /* Helpers.swift */ = {isa = PBXFileReference; fileEncoding = 4; lastKnownFileType = sourcecode.swift; path = Helpers.swift; sourceTree = "<group>"; };
		A1E366792C4512DB0019B1C6 /* Preview Assets.xcassets */ = {isa = PBXFileReference; lastKnownFileType = folder.assetcatalog; path = "Preview Assets.xcassets"; sourceTree = "<group>"; };
		A1E3667B2C4512DB0019B1C6 /* Assets.xcassets */ = {isa = PBXFileReference; lastKnownFileType = folder.assetcatalog; path = Assets.xcassets; sourceTree = "<group>"; };
		A1E3667C2C4512DB0019B1C6 /* Fonts.swift */ = {isa = PBXFileReference; fileEncoding = 4; lastKnownFileType = sourcecode.swift; path = Fonts.swift; sourceTree = "<group>"; };
		A1E3667D2C4512DB0019B1C6 /* Colors.swift */ = {isa = PBXFileReference; fileEncoding = 4; lastKnownFileType = sourcecode.swift; path = Colors.swift; sourceTree = "<group>"; };
		A1E366802C4512DC0019B1C6 /* AuthInputCodeTextField.swift */ = {isa = PBXFileReference; fileEncoding = 4; lastKnownFileType = sourcecode.swift; path = AuthInputCodeTextField.swift; sourceTree = "<group>"; };
		A1E366812C4512DC0019B1C6 /* AuthInputCodeContentView.swift */ = {isa = PBXFileReference; fileEncoding = 4; lastKnownFileType = sourcecode.swift; path = AuthInputCodeContentView.swift; sourceTree = "<group>"; };
		A1E366822C4512DC0019B1C6 /* InputViewState.swift */ = {isa = PBXFileReference; fileEncoding = 4; lastKnownFileType = sourcecode.swift; path = InputViewState.swift; sourceTree = "<group>"; };
		A1E366892C4512DC0019B1C6 /* AuthScreen.swift */ = {isa = PBXFileReference; fileEncoding = 4; lastKnownFileType = sourcecode.swift; path = AuthScreen.swift; sourceTree = "<group>"; };
		A1E3668A2C4512DC0019B1C6 /* AuthWaitView.swift */ = {isa = PBXFileReference; fileEncoding = 4; lastKnownFileType = sourcecode.swift; path = AuthWaitView.swift; sourceTree = "<group>"; };
		A1E3668C2C4512DC0019B1C6 /* ConfirmCodeTimer.swift */ = {isa = PBXFileReference; fileEncoding = 4; lastKnownFileType = sourcecode.swift; path = ConfirmCodeTimer.swift; sourceTree = "<group>"; };
		A1EC2AE62C5D02F200014EA4 /* MainChartView.swift */ = {isa = PBXFileReference; lastKnownFileType = sourcecode.swift; path = MainChartView.swift; sourceTree = "<group>"; };
		A1EC2AE82C5D11E000014EA4 /* MainMonthStatisticView.swift */ = {isa = PBXFileReference; lastKnownFileType = sourcecode.swift; path = MainMonthStatisticView.swift; sourceTree = "<group>"; };
		A1EC2AEA2C5D125900014EA4 /* MonthStatistic.swift */ = {isa = PBXFileReference; lastKnownFileType = sourcecode.swift; path = MonthStatistic.swift; sourceTree = "<group>"; };
		A1ED64752C88954D005CD3EB /* AuthRouter.swift */ = {isa = PBXFileReference; fileEncoding = 4; lastKnownFileType = sourcecode.swift; name = AuthRouter.swift; path = ../../../../../../.Trash/AuthRouter.swift; sourceTree = "<group>"; };
		A1ED64772C88959F005CD3EB /* AuthGradientView.swift */ = {isa = PBXFileReference; lastKnownFileType = sourcecode.swift; path = AuthGradientView.swift; sourceTree = "<group>"; };
		A1F911F62C64D4D100D7CFC7 /* UserContentView.swift */ = {isa = PBXFileReference; lastKnownFileType = sourcecode.swift; path = UserContentView.swift; sourceTree = "<group>"; };
		A1F911F82C64D56600D7CFC7 /* ChatContentView.swift */ = {isa = PBXFileReference; lastKnownFileType = sourcecode.swift; path = ChatContentView.swift; sourceTree = "<group>"; };
		A1F911FC2C64D69100D7CFC7 /* HotOffersView.swift */ = {isa = PBXFileReference; lastKnownFileType = sourcecode.swift; path = HotOffersView.swift; sourceTree = "<group>"; };
		A1F911FE2C64D6D900D7CFC7 /* CalendarView.swift */ = {isa = PBXFileReference; lastKnownFileType = sourcecode.swift; path = CalendarView.swift; sourceTree = "<group>"; };
		A1F912002C64D71300D7CFC7 /* SettingsView.swift */ = {isa = PBXFileReference; lastKnownFileType = sourcecode.swift; path = SettingsView.swift; sourceTree = "<group>"; };
		A1F912022C64D78700D7CFC7 /* CreatingApplicationView.swift */ = {isa = PBXFileReference; lastKnownFileType = sourcecode.swift; path = CreatingApplicationView.swift; sourceTree = "<group>"; };
		A1F912072C65067400D7CFC7 /* MonthStatisticProvider.swift */ = {isa = PBXFileReference; lastKnownFileType = sourcecode.swift; path = MonthStatisticProvider.swift; sourceTree = "<group>"; };
		A1F912092C65068500D7CFC7 /* TrendProvider.swift */ = {isa = PBXFileReference; lastKnownFileType = sourcecode.swift; path = TrendProvider.swift; sourceTree = "<group>"; };
/* End PBXFileReference section */

/* Begin PBXFrameworksBuildPhase section */
		A1DEE6A32C45034B0003733B /* Frameworks */ = {
			isa = PBXFrameworksBuildPhase;
			buildActionMask = 2147483647;
			files = (
			);
			runOnlyForDeploymentPostprocessing = 0;
		};
/* End PBXFrameworksBuildPhase section */

/* Begin PBXGroup section */
		A1512E672C5A7CCA00860F0C /* Views */ = {
			isa = PBXGroup;
			children = (
				A1E22C072C592A0D00D3BA9C /* MainSideBarView.swift */,
				A1512E932C5BDA0100860F0C /* MainTrendsView.swift */,
				A1EC2AE62C5D02F200014EA4 /* MainChartView.swift */,
				A1EC2AE82C5D11E000014EA4 /* MainMonthStatisticView.swift */,
				A16966132C625CB900E0470B /* MainContactView.swift */,
				A16966152C62631300E0470B /* MainContactsListView.swift */,
			);
			path = Views;
			sourceTree = "<group>";
		};
		A163B5892C5BDB35007C44E0 /* Models */ = {
			isa = PBXGroup;
			children = (
				A163B58A2C5BDB4D007C44E0 /* Trends.swift */,
				A15788832C63D4C90006CD0E /* Statistic.swift */,
				A1EC2AEA2C5D125900014EA4 /* MonthStatistic.swift */,
				A16966172C62635500E0470B /* Contact.swift */,
			);
			path = Models;
			sourceTree = "<group>";
		};
		A1DEE69D2C45034B0003733B = {
			isa = PBXGroup;
			children = (
				A1DEE6A82C45034B0003733B /* AuthScreen */,
				A1DEE6A72C45034B0003733B /* Products */,
				A1ED64742C888C87005CD3EB /* Recovered References */,
			);
			sourceTree = "<group>";
		};
		A1DEE6A72C45034B0003733B /* Products */ = {
			isa = PBXGroup;
			children = (
				A1DEE6A62C45034B0003733B /* AuthScreen.app */,
			);
			name = Products;
			sourceTree = "<group>";
		};
		A1DEE6A82C45034B0003733B /* AuthScreen */ = {
			isa = PBXGroup;
			children = (
				A1F912062C65066400D7CFC7 /* DataProviders */,
				A1E3667E2C4512DC0019B1C6 /* Auth */,
				A1F911F32C64D49700D7CFC7 /* TestViews */,
				A1E22C062C5929EA00D3BA9C /* Main */,
				A1DEE6E72C4505200003733B /* Exstentions */,
				A1DEE6D52C45051F0003733B /* Helpers */,
				A1DEE6E32C4505200003733B /* Style */,
				A1E366742C4512DB0019B1C6 /* Exstentions */,
				A1E366762C4512DB0019B1C6 /* Helpers */,
				A1E3667A2C4512DB0019B1C6 /* Style */,
				A1E3668B2C4512DC0019B1C6 /* Timer */,
				A1E366782C4512DB0019B1C6 /* Preview Content */,
			);
			path = AuthScreen;
			sourceTree = "<group>";
		};
		A1DEE6D52C45051F0003733B /* Helpers */ = {
			isa = PBXGroup;
			children = (
				A1DEE6D62C45051F0003733B /* Helpers.swift */,
				A1512E612C5A6B0000860F0C /* Constants.swift */,
				A15788812C63B4990006CD0E /* RoundedCorners.swift */,
			);
			path = Helpers;
			sourceTree = "<group>";
		};
		A1DEE6E32C4505200003733B /* Style */ = {
			isa = PBXGroup;
			children = (
				A1DEE6E42C4505200003733B /* Assets.xcassets */,
				A1DEE6E52C4505200003733B /* Fonts.swift */,
				A1DEE6E62C4505200003733B /* Colors.swift */,
				A1512E742C5A81EA00860F0C /* Localizable.strings */,
			);
			path = Style;
			sourceTree = "<group>";
		};
		A1DEE6E72C4505200003733B /* Exstentions */ = {
			isa = PBXGroup;
			children = (
				A1DEE6E82C4505200003733B /* Extensions.swift */,
			);
			path = Exstentions;
			sourceTree = "<group>";
		};
		A1E22C062C5929EA00D3BA9C /* Main */ = {
			isa = PBXGroup;
			children = (
				A1512E652C5A7C9600860F0C /* MainContentView.swift */,
				A163B5892C5BDB35007C44E0 /* Models */,
				A1512E672C5A7CCA00860F0C /* Views */,
			);
			name = Main;
			path = Auth;
			sourceTree = "<group>";
		};
		A1E366742C4512DB0019B1C6 /* Exstentions */ = {
			isa = PBXGroup;
			children = (
				A1E366752C4512DB0019B1C6 /* Extensions.swift */,
			);
			path = Exstentions;
			sourceTree = "<group>";
		};
		A1E366762C4512DB0019B1C6 /* Helpers */ = {
			isa = PBXGroup;
			children = (
				A1E366772C4512DB0019B1C6 /* Helpers.swift */,
			);
			path = Helpers;
			sourceTree = "<group>";
		};
		A1E366782C4512DB0019B1C6 /* Preview Content */ = {
			isa = PBXGroup;
			children = (
				A1E366792C4512DB0019B1C6 /* Preview Assets.xcassets */,
			);
			name = "Preview Content";
			path = "../../Pp/Ex/WBAuthScreen/WBAuthScreen/Preview Content";
			sourceTree = "<group>";
		};
		A1E3667A2C4512DB0019B1C6 /* Style */ = {
			isa = PBXGroup;
			children = (
				A1E3667B2C4512DB0019B1C6 /* Assets.xcassets */,
				A1E3667C2C4512DB0019B1C6 /* Fonts.swift */,
				A1E3667D2C4512DB0019B1C6 /* Colors.swift */,
			);
			path = Style;
			sourceTree = "<group>";
		};
		A1E3667E2C4512DC0019B1C6 /* Auth */ = {
			isa = PBXGroup;
			children = (
				A1E366892C4512DC0019B1C6 /* AuthScreen.swift */,
				A1ED64752C88954D005CD3EB /* AuthRouter.swift */,
				A1E3668A2C4512DC0019B1C6 /* AuthWaitView.swift */,
				A1ED64772C88959F005CD3EB /* AuthGradientView.swift */,
				A1E3667F2C4512DC0019B1C6 /* AuthInputCode */,
				A1E3669E2C45133B0019B1C6 /* Models */,
			);
			path = Auth;
			sourceTree = "<group>";
		};
		A1E3667F2C4512DC0019B1C6 /* AuthInputCode */ = {
			isa = PBXGroup;
			children = (
				A1E366802C4512DC0019B1C6 /* AuthInputCodeTextField.swift */,
				A1E366812C4512DC0019B1C6 /* AuthInputCodeContentView.swift */,
			);
			path = AuthInputCode;
			sourceTree = "<group>";
		};
		A1E3668B2C4512DC0019B1C6 /* Timer */ = {
			isa = PBXGroup;
			children = (
				A1E3668C2C4512DC0019B1C6 /* ConfirmCodeTimer.swift */,
			);
			path = Timer;
			sourceTree = "<group>";
		};
		A1E3669E2C45133B0019B1C6 /* Models */ = {
			isa = PBXGroup;
			children = (
				A1E366822C4512DC0019B1C6 /* InputViewState.swift */,
			);
			path = Models;
			sourceTree = "<group>";
		};
		A1ED64742C888C87005CD3EB /* Recovered References */ = {
			isa = PBXGroup;
			children = (
				A1DEE6B02C45034C0003733B /* Preview Assets.xcassets */,
			);
			name = "Recovered References";
			sourceTree = "<group>";
		};
		A1F911F32C64D49700D7CFC7 /* TestViews */ = {
			isa = PBXGroup;
			children = (
				A1F911F62C64D4D100D7CFC7 /* UserContentView.swift */,
				A1F911F82C64D56600D7CFC7 /* ChatContentView.swift */,
				A1F911FC2C64D69100D7CFC7 /* HotOffersView.swift */,
				A1F911FE2C64D6D900D7CFC7 /* CalendarView.swift */,
				A1F912002C64D71300D7CFC7 /* SettingsView.swift */,
				A1F912022C64D78700D7CFC7 /* CreatingApplicationView.swift */,
			);
			path = TestViews;
			sourceTree = "<group>";
		};
		A1F912062C65066400D7CFC7 /* DataProviders */ = {
			isa = PBXGroup;
			children = (
				A1F912072C65067400D7CFC7 /* MonthStatisticProvider.swift */,
				A1F912092C65068500D7CFC7 /* TrendProvider.swift */,
			);
			path = DataProviders;
			sourceTree = "<group>";
		};
/* End PBXGroup section */

/* Begin PBXNativeTarget section */
		A1DEE6A52C45034B0003733B /* AuthScreen */ = {
			isa = PBXNativeTarget;
			buildConfigurationList = A1DEE6B42C45034C0003733B /* Build configuration list for PBXNativeTarget "AuthScreen" */;
			buildPhases = (
				A1DEE6A22C45034B0003733B /* Sources */,
				A1DEE6A32C45034B0003733B /* Frameworks */,
				A1DEE6A42C45034B0003733B /* Resources */,
			);
			buildRules = (
			);
			dependencies = (
			);
			name = AuthScreen;
			productName = AuthScreen;
			productReference = A1DEE6A62C45034B0003733B /* AuthScreen.app */;
			productType = "com.apple.product-type.application";
		};
/* End PBXNativeTarget section */

/* Begin PBXProject section */
		A1DEE69E2C45034B0003733B /* Project object */ = {
			isa = PBXProject;
			attributes = {
				BuildIndependentTargetsInParallel = 1;
				LastSwiftUpdateCheck = 1520;
				LastUpgradeCheck = 1520;
				TargetAttributes = {
					A1DEE6A52C45034B0003733B = {
						CreatedOnToolsVersion = 15.2;
					};
				};
			};
			buildConfigurationList = A1DEE6A12C45034B0003733B /* Build configuration list for PBXProject "AuthScreen" */;
			compatibilityVersion = "Xcode 14.0";
			developmentRegion = en;
			hasScannedForEncodings = 0;
			knownRegions = (
				en,
				Base,
				ru,
			);
			mainGroup = A1DEE69D2C45034B0003733B;
			productRefGroup = A1DEE6A72C45034B0003733B /* Products */;
			projectDirPath = "";
			projectRoot = "";
			targets = (
				A1DEE6A52C45034B0003733B /* AuthScreen */,
			);
		};
/* End PBXProject section */

/* Begin PBXResourcesBuildPhase section */
		A1DEE6A42C45034B0003733B /* Resources */ = {
			isa = PBXResourcesBuildPhase;
			buildActionMask = 2147483647;
			files = (
				A1512E722C5A81EA00860F0C /* Localizable.strings in Resources */,
				A1DEE6F22C4505200003733B /* Assets.xcassets in Resources */,
				A1DEE6B12C45034C0003733B /* Preview Assets.xcassets in Resources */,
				A1E366902C4512DC0019B1C6 /* Assets.xcassets in Resources */,
				A1E3668F2C4512DC0019B1C6 /* Preview Assets.xcassets in Resources */,
			);
			runOnlyForDeploymentPostprocessing = 0;
		};
/* End PBXResourcesBuildPhase section */

/* Begin PBXSourcesBuildPhase section */
		A1DEE6A22C45034B0003733B /* Sources */ = {
			isa = PBXSourcesBuildPhase;
			buildActionMask = 2147483647;
			files = (
				A1F912082C65067400D7CFC7 /* MonthStatisticProvider.swift in Sources */,
				A1F911FD2C64D69100D7CFC7 /* HotOffersView.swift in Sources */,
				A1DEE6F42C4505200003733B /* Colors.swift in Sources */,
				A1512E942C5BDA0100860F0C /* MainTrendsView.swift in Sources */,
				A15788822C63B4990006CD0E /* RoundedCorners.swift in Sources */,
				A16966182C62635500E0470B /* Contact.swift in Sources */,
				A1F911FF2C64D6D900D7CFC7 /* CalendarView.swift in Sources */,
				A1512E662C5A7C9600860F0C /* MainContentView.swift in Sources */,
				A1EC2AE92C5D11E000014EA4 /* MainMonthStatisticView.swift in Sources */,
				A163B58B2C5BDB4D007C44E0 /* Trends.swift in Sources */,
				A16966142C625CB900E0470B /* MainContactView.swift in Sources */,
				A1F912012C64D71300D7CFC7 /* SettingsView.swift in Sources */,
				A15788842C63D4C90006CD0E /* Statistic.swift in Sources */,
				A1E22C082C592A0D00D3BA9C /* MainSideBarView.swift in Sources */,
				A1F9120A2C65068500D7CFC7 /* TrendProvider.swift in Sources */,
				A1EC2AE72C5D02F200014EA4 /* MainChartView.swift in Sources */,
				A1DEE6E92C4505200003733B /* Helpers.swift in Sources */,
				A1F912032C64D78700D7CFC7 /* CreatingApplicationView.swift in Sources */,
				A1DEE6F32C4505200003733B /* Fonts.swift in Sources */,
				A1EC2AEB2C5D125900014EA4 /* MonthStatistic.swift in Sources */,
				A1F911F92C64D56600D7CFC7 /* ChatContentView.swift in Sources */,
				A1DEE6F52C4505200003733B /* Extensions.swift in Sources */,
				A1F911F72C64D4D100D7CFC7 /* UserContentView.swift in Sources */,
				A16966162C62631300E0470B /* MainContactsListView.swift in Sources */,
				A1512E622C5A6B0000860F0C /* Constants.swift in Sources */,
				A1E366952C4512DC0019B1C6 /* InputViewState.swift in Sources */,
				A1E366942C4512DC0019B1C6 /* AuthInputCodeContentView.swift in Sources */,
				A1E3668D2C4512DC0019B1C6 /* Extensions.swift in Sources */,
				A1E366922C4512DC0019B1C6 /* Colors.swift in Sources */,
				A1E366912C4512DC0019B1C6 /* Fonts.swift in Sources */,
				A1ED64762C88954D005CD3EB /* AuthRouter.swift in Sources */,
				A1E3669B2C4512DC0019B1C6 /* AuthScreen.swift in Sources */,
				A1E3669C2C4512DC0019B1C6 /* AuthWaitView.swift in Sources */,
				A1E3668E2C4512DC0019B1C6 /* Helpers.swift in Sources */,
				A1E3669D2C4512DC0019B1C6 /* ConfirmCodeTimer.swift in Sources */,
				A1E366932C4512DC0019B1C6 /* AuthInputCodeTextField.swift in Sources */,
				A1ED64782C88959F005CD3EB /* AuthGradientView.swift in Sources */,
			);
			runOnlyForDeploymentPostprocessing = 0;
		};
/* End PBXSourcesBuildPhase section */

/* Begin PBXVariantGroup section */
		A1512E742C5A81EA00860F0C /* Localizable.strings */ = {
			isa = PBXVariantGroup;
			children = (
				A1512E732C5A81EA00860F0C /* en */,
				A1512E762C5A825200860F0C /* ru */,
			);
			name = Localizable.strings;
			sourceTree = "<group>";
		};
/* End PBXVariantGroup section */

/* Begin XCBuildConfiguration section */
		A1DEE6B22C45034C0003733B /* Debug */ = {
			isa = XCBuildConfiguration;
			buildSettings = {
				ALWAYS_SEARCH_USER_PATHS = NO;
				ASSETCATALOG_COMPILER_GENERATE_SWIFT_ASSET_SYMBOL_EXTENSIONS = YES;
				CLANG_ANALYZER_NONNULL = YES;
				CLANG_ANALYZER_NUMBER_OBJECT_CONVERSION = YES_AGGRESSIVE;
				CLANG_CXX_LANGUAGE_STANDARD = "gnu++20";
				CLANG_ENABLE_MODULES = YES;
				CLANG_ENABLE_OBJC_ARC = YES;
				CLANG_ENABLE_OBJC_WEAK = YES;
				CLANG_WARN_BLOCK_CAPTURE_AUTORELEASING = YES;
				CLANG_WARN_BOOL_CONVERSION = YES;
				CLANG_WARN_COMMA = YES;
				CLANG_WARN_CONSTANT_CONVERSION = YES;
				CLANG_WARN_DEPRECATED_OBJC_IMPLEMENTATIONS = YES;
				CLANG_WARN_DIRECT_OBJC_ISA_USAGE = YES_ERROR;
				CLANG_WARN_DOCUMENTATION_COMMENTS = YES;
				CLANG_WARN_EMPTY_BODY = YES;
				CLANG_WARN_ENUM_CONVERSION = YES;
				CLANG_WARN_INFINITE_RECURSION = YES;
				CLANG_WARN_INT_CONVERSION = YES;
				CLANG_WARN_NON_LITERAL_NULL_CONVERSION = YES;
				CLANG_WARN_OBJC_IMPLICIT_RETAIN_SELF = YES;
				CLANG_WARN_OBJC_LITERAL_CONVERSION = YES;
				CLANG_WARN_OBJC_ROOT_CLASS = YES_ERROR;
				CLANG_WARN_QUOTED_INCLUDE_IN_FRAMEWORK_HEADER = YES;
				CLANG_WARN_RANGE_LOOP_ANALYSIS = YES;
				CLANG_WARN_STRICT_PROTOTYPES = YES;
				CLANG_WARN_SUSPICIOUS_MOVE = YES;
				CLANG_WARN_UNGUARDED_AVAILABILITY = YES_AGGRESSIVE;
				CLANG_WARN_UNREACHABLE_CODE = YES;
				CLANG_WARN__DUPLICATE_METHOD_MATCH = YES;
				COPY_PHASE_STRIP = NO;
				DEBUG_INFORMATION_FORMAT = dwarf;
				ENABLE_STRICT_OBJC_MSGSEND = YES;
				ENABLE_TESTABILITY = YES;
				ENABLE_USER_SCRIPT_SANDBOXING = YES;
				GCC_C_LANGUAGE_STANDARD = gnu17;
				GCC_DYNAMIC_NO_PIC = NO;
				GCC_NO_COMMON_BLOCKS = YES;
				GCC_OPTIMIZATION_LEVEL = 0;
				GCC_PREPROCESSOR_DEFINITIONS = (
					"DEBUG=1",
					"$(inherited)",
				);
				GCC_WARN_64_TO_32_BIT_CONVERSION = YES;
				GCC_WARN_ABOUT_RETURN_TYPE = YES_ERROR;
				GCC_WARN_UNDECLARED_SELECTOR = YES;
				GCC_WARN_UNINITIALIZED_AUTOS = YES_AGGRESSIVE;
				GCC_WARN_UNUSED_FUNCTION = YES;
				GCC_WARN_UNUSED_VARIABLE = YES;
				IPHONEOS_DEPLOYMENT_TARGET = 17.2;
				LOCALIZATION_PREFERS_STRING_CATALOGS = YES;
				MTL_ENABLE_DEBUG_INFO = INCLUDE_SOURCE;
				MTL_FAST_MATH = YES;
				ONLY_ACTIVE_ARCH = YES;
				SDKROOT = iphoneos;
				SWIFT_ACTIVE_COMPILATION_CONDITIONS = "DEBUG $(inherited)";
				SWIFT_OPTIMIZATION_LEVEL = "-Onone";
			};
			name = Debug;
		};
		A1DEE6B32C45034C0003733B /* Release */ = {
			isa = XCBuildConfiguration;
			buildSettings = {
				ALWAYS_SEARCH_USER_PATHS = NO;
				ASSETCATALOG_COMPILER_GENERATE_SWIFT_ASSET_SYMBOL_EXTENSIONS = YES;
				CLANG_ANALYZER_NONNULL = YES;
				CLANG_ANALYZER_NUMBER_OBJECT_CONVERSION = YES_AGGRESSIVE;
				CLANG_CXX_LANGUAGE_STANDARD = "gnu++20";
				CLANG_ENABLE_MODULES = YES;
				CLANG_ENABLE_OBJC_ARC = YES;
				CLANG_ENABLE_OBJC_WEAK = YES;
				CLANG_WARN_BLOCK_CAPTURE_AUTORELEASING = YES;
				CLANG_WARN_BOOL_CONVERSION = YES;
				CLANG_WARN_COMMA = YES;
				CLANG_WARN_CONSTANT_CONVERSION = YES;
				CLANG_WARN_DEPRECATED_OBJC_IMPLEMENTATIONS = YES;
				CLANG_WARN_DIRECT_OBJC_ISA_USAGE = YES_ERROR;
				CLANG_WARN_DOCUMENTATION_COMMENTS = YES;
				CLANG_WARN_EMPTY_BODY = YES;
				CLANG_WARN_ENUM_CONVERSION = YES;
				CLANG_WARN_INFINITE_RECURSION = YES;
				CLANG_WARN_INT_CONVERSION = YES;
				CLANG_WARN_NON_LITERAL_NULL_CONVERSION = YES;
				CLANG_WARN_OBJC_IMPLICIT_RETAIN_SELF = YES;
				CLANG_WARN_OBJC_LITERAL_CONVERSION = YES;
				CLANG_WARN_OBJC_ROOT_CLASS = YES_ERROR;
				CLANG_WARN_QUOTED_INCLUDE_IN_FRAMEWORK_HEADER = YES;
				CLANG_WARN_RANGE_LOOP_ANALYSIS = YES;
				CLANG_WARN_STRICT_PROTOTYPES = YES;
				CLANG_WARN_SUSPICIOUS_MOVE = YES;
				CLANG_WARN_UNGUARDED_AVAILABILITY = YES_AGGRESSIVE;
				CLANG_WARN_UNREACHABLE_CODE = YES;
				CLANG_WARN__DUPLICATE_METHOD_MATCH = YES;
				COPY_PHASE_STRIP = NO;
				DEBUG_INFORMATION_FORMAT = "dwarf-with-dsym";
				ENABLE_NS_ASSERTIONS = NO;
				ENABLE_STRICT_OBJC_MSGSEND = YES;
				ENABLE_USER_SCRIPT_SANDBOXING = YES;
				GCC_C_LANGUAGE_STANDARD = gnu17;
				GCC_NO_COMMON_BLOCKS = YES;
				GCC_WARN_64_TO_32_BIT_CONVERSION = YES;
				GCC_WARN_ABOUT_RETURN_TYPE = YES_ERROR;
				GCC_WARN_UNDECLARED_SELECTOR = YES;
				GCC_WARN_UNINITIALIZED_AUTOS = YES_AGGRESSIVE;
				GCC_WARN_UNUSED_FUNCTION = YES;
				GCC_WARN_UNUSED_VARIABLE = YES;
				IPHONEOS_DEPLOYMENT_TARGET = 17.2;
				LOCALIZATION_PREFERS_STRING_CATALOGS = YES;
				MTL_ENABLE_DEBUG_INFO = NO;
				MTL_FAST_MATH = YES;
				SDKROOT = iphoneos;
				SWIFT_COMPILATION_MODE = wholemodule;
				VALIDATE_PRODUCT = YES;
			};
			name = Release;
		};
		A1DEE6B52C45034C0003733B /* Debug */ = {
			isa = XCBuildConfiguration;
			buildSettings = {
				ASSETCATALOG_COMPILER_APPICON_NAME = AppIcon;
				ASSETCATALOG_COMPILER_GLOBAL_ACCENT_COLOR_NAME = AccentColor;
				CODE_SIGN_STYLE = Automatic;
				CURRENT_PROJECT_VERSION = 1;
				DEVELOPMENT_ASSET_PATHS = "\"AuthScreen/Preview Content\"";
				DEVELOPMENT_TEAM = HDWNKQ472C;
				ENABLE_PREVIEWS = YES;
				GENERATE_INFOPLIST_FILE = YES;
				INFOPLIST_KEY_UIApplicationSceneManifest_Generation = YES;
				INFOPLIST_KEY_UIApplicationSupportsIndirectInputEvents = YES;
				INFOPLIST_KEY_UILaunchScreen_Generation = YES;
				INFOPLIST_KEY_UISupportedInterfaceOrientations_iPad = "UIInterfaceOrientationPortrait UIInterfaceOrientationPortraitUpsideDown UIInterfaceOrientationLandscapeLeft UIInterfaceOrientationLandscapeRight";
				INFOPLIST_KEY_UISupportedInterfaceOrientations_iPhone = "UIInterfaceOrientationPortrait UIInterfaceOrientationLandscapeLeft UIInterfaceOrientationLandscapeRight";
				IPHONEOS_DEPLOYMENT_TARGET = 16;
				LD_RUNPATH_SEARCH_PATHS = (
					"$(inherited)",
					"@executable_path/Frameworks",
				);
				MARKETING_VERSION = 1.0;
				PRODUCT_BUNDLE_IDENTIFIER = Nikita12G.AuthScreen;
				PRODUCT_NAME = "$(TARGET_NAME)";
				SWIFT_EMIT_LOC_STRINGS = YES;
				SWIFT_VERSION = 5.0;
				TARGETED_DEVICE_FAMILY = "1,2";
			};
			name = Debug;
		};
		A1DEE6B62C45034C0003733B /* Release */ = {
			isa = XCBuildConfiguration;
			buildSettings = {
				ASSETCATALOG_COMPILER_APPICON_NAME = AppIcon;
				ASSETCATALOG_COMPILER_GLOBAL_ACCENT_COLOR_NAME = AccentColor;
				CODE_SIGN_STYLE = Automatic;
				CURRENT_PROJECT_VERSION = 1;
				DEVELOPMENT_ASSET_PATHS = "\"AuthScreen/Preview Content\"";
				DEVELOPMENT_TEAM = HDWNKQ472C;
				ENABLE_PREVIEWS = YES;
				GENERATE_INFOPLIST_FILE = YES;
				INFOPLIST_KEY_UIApplicationSceneManifest_Generation = YES;
				INFOPLIST_KEY_UIApplicationSupportsIndirectInputEvents = YES;
				INFOPLIST_KEY_UILaunchScreen_Generation = YES;
				INFOPLIST_KEY_UISupportedInterfaceOrientations_iPad = "UIInterfaceOrientationPortrait UIInterfaceOrientationPortraitUpsideDown UIInterfaceOrientationLandscapeLeft UIInterfaceOrientationLandscapeRight";
				INFOPLIST_KEY_UISupportedInterfaceOrientations_iPhone = "UIInterfaceOrientationPortrait UIInterfaceOrientationLandscapeLeft UIInterfaceOrientationLandscapeRight";
				IPHONEOS_DEPLOYMENT_TARGET = 16;
				LD_RUNPATH_SEARCH_PATHS = (
					"$(inherited)",
					"@executable_path/Frameworks",
				);
				MARKETING_VERSION = 1.0;
				PRODUCT_BUNDLE_IDENTIFIER = Nikita12G.AuthScreen;
				PRODUCT_NAME = "$(TARGET_NAME)";
				SWIFT_EMIT_LOC_STRINGS = YES;
				SWIFT_VERSION = 5.0;
				TARGETED_DEVICE_FAMILY = "1,2";
			};
			name = Release;
		};
/* End XCBuildConfiguration section */

/* Begin XCConfigurationList section */
		A1DEE6A12C45034B0003733B /* Build configuration list for PBXProject "AuthScreen" */ = {
			isa = XCConfigurationList;
			buildConfigurations = (
				A1DEE6B22C45034C0003733B /* Debug */,
				A1DEE6B32C45034C0003733B /* Release */,
			);
			defaultConfigurationIsVisible = 0;
			defaultConfigurationName = Release;
		};
		A1DEE6B42C45034C0003733B /* Build configuration list for PBXNativeTarget "AuthScreen" */ = {
			isa = XCConfigurationList;
			buildConfigurations = (
				A1DEE6B52C45034C0003733B /* Debug */,
				A1DEE6B62C45034C0003733B /* Release */,
			);
			defaultConfigurationIsVisible = 0;
			defaultConfigurationName = Release;
		};
/* End XCConfigurationList section */
	};
	rootObject = A1DEE69E2C45034B0003733B /* Project object */;
}
